{
  "version": 4,
  "terraform_version": "1.3.1",
  "serial": 30,
  "lineage": "40c2f742-165d-ac92-c349-14e1cec90e6f",
  "outputs": {
    "password": {
      "value": "wcFMA/M/sQLpqwJoAQ/+MlzJOoQiQYCbFkOGx+ekQltJDNsOxrmeJ73SaEmPPUTCIptsOCoTDrMXy3Q50y3CZioY7NxP2gK9HldgbrbBkckjCd1jy/brMNM73GqdLzOtXiMajoWz39IWPQBK3BklJILNFrzm9+dqRVb3lxwGEHcUcA8BvB8BLqMgiepBShS2N+wkJf7jmkZPoBka+qD+uVEtdLMLOK1/xElaXp74gQRdO6TYfkACZNjIURSMuf0Yyrjc861QTE+cfMBtg+ZrXGewTtuH5Vjbj88IMP+cisQFFFsYkuMkmue1LpslnEaLSl46GvA6pIUy3GRz9XQYHJgS1OOYItJtGH5AHA0Zygqf3HV9azx0asWdkmAKirrrDS/JFMUc5+C3Nn4X2FDPXhpY52xpAWmEQCb1ifrx71agUaQZ58ZnQhE7QhpGbI0CdCIm3to6optJ4lDYDRI6wl90G/uNgP7TzjUyehPK9rPDBJ/t5mzdxaXbbn6JCzcSEZrE4kD2COt+3QrYtVy4pJtHePEOpdV2+IFgg7Lz9nd188yh95RGi3vhTjYZdoRToKEW+E3EcCPR0AsUN8Lkv5HDDuzw4BV2EYGSPd6hhdKipP/SxkJYgZRZAzoc7VmLdZZG84OcVuExEVPlbuLvoECf85qmBeH3q51g5kzR3EYBlj7BYJxQazpjrTrr8DvSRQGIlCjQZParN6v3TiLnJdUVfjgNEtpWT2Zn1rQSs6VVwI4WHEQAhgRz317e9yngqrisqhcd6fxdD3/Y8Zd13U84pJu+tg==",
      "type": "string"
    }
  },
  "resources": [
    {
      "mode": "managed",
      "type": "aws_iam_account_password_policy",
      "name": "user-password",
      "provider": "provider[\"registry.terraform.io/hashicorp/aws\"]",
      "instances": [
        {
          "schema_version": 0,
          "attributes": {
            "allow_users_to_change_password": true,
            "expire_passwords": false,
            "hard_expiry": false,
            "id": "iam-account-password-policy",
            "max_password_age": 0,
            "minimum_password_length": 8,
            "password_reuse_prevention": 0,
            "require_lowercase_characters": true,
            "require_numbers": true,
            "require_symbols": true,
            "require_uppercase_characters": true
          },
          "sensitive_attributes": [],
          "private": "bnVsbA=="
        }
      ]
    },
    {
      "mode": "managed",
      "type": "aws_iam_policy",
      "name": "ec2-full",
      "provider": "provider[\"registry.terraform.io/hashicorp/aws\"]",
      "instances": [
        {
          "schema_version": 0,
          "attributes": {
            "arn": "arn:aws:iam::747360469242:policy/ec2-full",
            "description": "",
            "id": "arn:aws:iam::747360469242:policy/ec2-full",
            "name": "ec2-full",
            "name_prefix": null,
            "path": "/",
            "policy": "{\"Statement\":[{\"Action\":[\"ec2:Describe*\"],\"Effect\":\"Allow\",\"Resource\":\"*\"}],\"Version\":\"2012-10-17\"}",
            "policy_id": "ANPA24ARHYD5H2QWARFHZ",
            "tags": {},
            "tags_all": {}
          },
          "sensitive_attributes": [],
          "private": "bnVsbA=="
        }
      ]
    },
    {
      "mode": "managed",
      "type": "aws_iam_user",
      "name": "newuser",
      "provider": "provider[\"registry.terraform.io/hashicorp/aws\"]",
      "instances": [
        {
          "schema_version": 0,
          "attributes": {
            "arn": "arn:aws:iam::747360469242:user/abc",
            "force_destroy": true,
            "id": "abc",
            "name": "abc",
            "path": "/",
            "permissions_boundary": null,
            "tags": null,
            "tags_all": {},
            "unique_id": "AIDA24ARHYD5P5Q3HBTKQ"
          },
          "sensitive_attributes": [],
          "private": "bnVsbA=="
        }
      ]
    },
    {
      "mode": "managed",
      "type": "aws_iam_user_login_profile",
      "name": "name",
      "provider": "provider[\"registry.terraform.io/hashicorp/aws\"]",
      "instances": [
        {
          "schema_version": 0,
          "attributes": {
            "encrypted_password": "wcFMA/M/sQLpqwJoAQ/+MlzJOoQiQYCbFkOGx+ekQltJDNsOxrmeJ73SaEmPPUTCIptsOCoTDrMXy3Q50y3CZioY7NxP2gK9HldgbrbBkckjCd1jy/brMNM73GqdLzOtXiMajoWz39IWPQBK3BklJILNFrzm9+dqRVb3lxwGEHcUcA8BvB8BLqMgiepBShS2N+wkJf7jmkZPoBka+qD+uVEtdLMLOK1/xElaXp74gQRdO6TYfkACZNjIURSMuf0Yyrjc861QTE+cfMBtg+ZrXGewTtuH5Vjbj88IMP+cisQFFFsYkuMkmue1LpslnEaLSl46GvA6pIUy3GRz9XQYHJgS1OOYItJtGH5AHA0Zygqf3HV9azx0asWdkmAKirrrDS/JFMUc5+C3Nn4X2FDPXhpY52xpAWmEQCb1ifrx71agUaQZ58ZnQhE7QhpGbI0CdCIm3to6optJ4lDYDRI6wl90G/uNgP7TzjUyehPK9rPDBJ/t5mzdxaXbbn6JCzcSEZrE4kD2COt+3QrYtVy4pJtHePEOpdV2+IFgg7Lz9nd188yh95RGi3vhTjYZdoRToKEW+E3EcCPR0AsUN8Lkv5HDDuzw4BV2EYGSPd6hhdKipP/SxkJYgZRZAzoc7VmLdZZG84OcVuExEVPlbuLvoECf85qmBeH3q51g5kzR3EYBlj7BYJxQazpjrTrr8DvSRQGIlCjQZParN6v3TiLnJdUVfjgNEtpWT2Zn1rQSs6VVwI4WHEQAhgRz317e9yngqrisqhcd6fxdD3/Y8Zd13U84pJu+tg==",
            "id": "abc",
            "key_fingerprint": "884644f38ebb09b9932568a614f99af1218e2509",
            "password": null,
            "password_length": 20,
            "password_reset_required": true,
            "pgp_key": "keybase:thomas",
            "user": "abc"
          },
          "sensitive_attributes": [],
          "private": "bnVsbA==",
          "dependencies": [
            "aws_iam_user.newuser"
          ]
        }
      ]
    },
    {
      "mode": "managed",
      "type": "aws_iam_user_policy_attachment",
      "name": "ec2-full",
      "provider": "provider[\"registry.terraform.io/hashicorp/aws\"]",
      "instances": [
        {
          "schema_version": 0,
          "attributes": {
            "id": "abc-20221017064129362100000001",
            "policy_arn": "arn:aws:iam::747360469242:policy/ec2-full",
            "user": "abc"
          },
          "sensitive_attributes": [],
          "private": "bnVsbA==",
          "dependencies": [
            "aws_iam_policy.ec2-full",
            "aws_iam_user.newuser"
          ]
        }
      ]
    }
  ],
  "check_results": []
}
