{
  "version": 4,
  "terraform_version": "1.3.1",
  "serial": 24,
  "lineage": "40c2f742-165d-ac92-c349-14e1cec90e6f",
  "outputs": {
    "password": {
      "value": "wcFMA/M/sQLpqwJoAQ/8CV8x8q+8cr+nWuoF2eCLc45F7HkhdxMxzSl5CwIxY9wGvlIHHJ7OZ7gBRCn58H+dPnhYAVnMzJ0OeVJAv1XmNeBKr2GbKWIRN6xqQh6sL4D7GIaG0ChKUKuV69ZuL+NDpn8Y0+2JXB+Weku4isWhDlVRLXvUx8aOdEp+CKRB6+zQk+5lFWGzLa/M997tkRcEI8eYr6rbWwgy7e+T+M3HwDCHiHJEAM5x3zv8diFmjCaY4fkMFsES0ZBp272e4t4T5Bx4IHdaWXya1RN/4okuo0m/m3jZ6BbnE5RhUzYSZP+d/Y7w5oxTSAq1fO9qrzj8uTpgA369YE4len7/RORwsca03PzPVIPJ7rlyx+5xcqGeK+SVN4qd7jNfybFnPn9jIqCMGGG3VcEdGxp79wuQWubw4jafh93f0ezXAZ7xSVsqeGcO7Vl9Pu7pDN/hj6kdRHRadYjd8ZM7UltyabJIHI4aDAUAhTMKLUlyPtqsHv7djLcKnJFxzCZDvN48i5/z3B8vBNz8xgY7cEBt2jz3qoUbJ9QXIVyXaVCTbZakJSVAxb+r0ecOQmHwEm1w9rV4Ns4gyl68j/eyHBTYUkm80zLPZcWK5Si9fwH9Vcz+gkvQYRo4/Auhh8/We4436ZS0QFVg+eaYJy8yWLFhklQFt1U5B0+/v1TUCQQ6sp8jg3PSRQEJl1GTTx5TFeqg45es7FZlquI4tVwri4hhF4uDDv/F5nm+RMMsZdGdwZhHSTtEK/iT8YAGafjZocPXePDYIV3gXtNyiA==",
      "type": "string"
    }
  },
  "resources": [
    {
      "mode": "managed",
      "type": "aws_iam_account_password_policy",
      "name": "user-password",
      "provider": "provider[\"registry.terraform.io/hashicorp/aws\"]",
      "instances": [
        {
          "schema_version": 0,
          "attributes": {
            "allow_users_to_change_password": true,
            "expire_passwords": false,
            "hard_expiry": false,
            "id": "iam-account-password-policy",
            "max_password_age": 0,
            "minimum_password_length": 8,
            "password_reuse_prevention": 0,
            "require_lowercase_characters": true,
            "require_numbers": true,
            "require_symbols": true,
            "require_uppercase_characters": true
          },
          "sensitive_attributes": [],
          "private": "bnVsbA=="
        }
      ]
    },
    {
      "mode": "managed",
      "type": "aws_iam_policy",
      "name": "ec2-full",
      "provider": "provider[\"registry.terraform.io/hashicorp/aws\"]",
      "instances": [
        {
          "schema_version": 0,
          "attributes": {
            "arn": "arn:aws:iam::747360469242:policy/ec2-full",
            "description": "",
            "id": "arn:aws:iam::747360469242:policy/ec2-full",
            "name": "ec2-full",
            "name_prefix": null,
            "path": "/",
            "policy": "{\"Statement\":[{\"Action\":[\"ec2:Describe*\"],\"Effect\":\"Allow\",\"Resource\":\"*\"}],\"Version\":\"2012-10-17\"}",
            "policy_id": "ANPA24ARHYD5H2QWARFHZ",
            "tags": {},
            "tags_all": {}
          },
          "sensitive_attributes": [],
          "private": "bnVsbA=="
        }
      ]
    },
    {
      "mode": "managed",
      "type": "aws_iam_user",
      "name": "newuser",
      "provider": "provider[\"registry.terraform.io/hashicorp/aws\"]",
      "instances": [
        {
          "schema_version": 0,
          "attributes": {
            "arn": "arn:aws:iam::747360469242:user/abc",
            "force_destroy": true,
            "id": "abc",
            "name": "abc",
            "path": "/",
            "permissions_boundary": null,
            "tags": null,
            "tags_all": {},
            "unique_id": "AIDA24ARHYD5IFZEMFQ7S"
          },
          "sensitive_attributes": [],
          "private": "bnVsbA=="
        }
      ]
    },
    {
      "mode": "managed",
      "type": "aws_iam_user_login_profile",
      "name": "name",
      "provider": "provider[\"registry.terraform.io/hashicorp/aws\"]",
      "instances": [
        {
          "schema_version": 0,
          "attributes": {
            "encrypted_password": "wcFMA/M/sQLpqwJoAQ/8CV8x8q+8cr+nWuoF2eCLc45F7HkhdxMxzSl5CwIxY9wGvlIHHJ7OZ7gBRCn58H+dPnhYAVnMzJ0OeVJAv1XmNeBKr2GbKWIRN6xqQh6sL4D7GIaG0ChKUKuV69ZuL+NDpn8Y0+2JXB+Weku4isWhDlVRLXvUx8aOdEp+CKRB6+zQk+5lFWGzLa/M997tkRcEI8eYr6rbWwgy7e+T+M3HwDCHiHJEAM5x3zv8diFmjCaY4fkMFsES0ZBp272e4t4T5Bx4IHdaWXya1RN/4okuo0m/m3jZ6BbnE5RhUzYSZP+d/Y7w5oxTSAq1fO9qrzj8uTpgA369YE4len7/RORwsca03PzPVIPJ7rlyx+5xcqGeK+SVN4qd7jNfybFnPn9jIqCMGGG3VcEdGxp79wuQWubw4jafh93f0ezXAZ7xSVsqeGcO7Vl9Pu7pDN/hj6kdRHRadYjd8ZM7UltyabJIHI4aDAUAhTMKLUlyPtqsHv7djLcKnJFxzCZDvN48i5/z3B8vBNz8xgY7cEBt2jz3qoUbJ9QXIVyXaVCTbZakJSVAxb+r0ecOQmHwEm1w9rV4Ns4gyl68j/eyHBTYUkm80zLPZcWK5Si9fwH9Vcz+gkvQYRo4/Auhh8/We4436ZS0QFVg+eaYJy8yWLFhklQFt1U5B0+/v1TUCQQ6sp8jg3PSRQEJl1GTTx5TFeqg45es7FZlquI4tVwri4hhF4uDDv/F5nm+RMMsZdGdwZhHSTtEK/iT8YAGafjZocPXePDYIV3gXtNyiA==",
            "id": "abc",
            "key_fingerprint": "884644f38ebb09b9932568a614f99af1218e2509",
            "password": null,
            "password_length": 20,
            "password_reset_required": true,
            "pgp_key": "keybase:thomas",
            "user": "abc"
          },
          "sensitive_attributes": [],
          "private": "bnVsbA==",
          "dependencies": [
            "aws_iam_user.newuser"
          ]
        }
      ]
    },
    {
      "mode": "managed",
      "type": "aws_iam_user_policy_attachment",
      "name": "ec2-full",
      "provider": "provider[\"registry.terraform.io/hashicorp/aws\"]",
      "instances": [
        {
          "schema_version": 0,
          "attributes": {
            "id": "abc-20221014142409754200000001",
            "policy_arn": "arn:aws:iam::747360469242:policy/ec2-full",
            "user": "abc"
          },
          "sensitive_attributes": [],
          "private": "bnVsbA==",
          "dependencies": [
            "aws_iam_policy.ec2-full",
            "aws_iam_user.newuser"
          ]
        }
      ]
    }
  ],
  "check_results": []
}
